
Microsoft Visual Studio Solution File, Format Version 12.00
# Visual Studio 15
VisualStudioVersion = 15.0.26430.15
MinimumVisualStudioVersion = 10.0.40219.1
Project("{FAE04EC0-301F-11D3-BF4B-00C04F79EFBC}") = "STStressTesting", "StressTesting\STStressTesting.csproj", "{C5FC5359-76FE-4B6A-9552-104D32F8DF5A}"
EndProject
Project("{FAE04EC0-301F-11D3-BF4B-00C04F79EFBC}") = "AltStressTesting", "AltStressTesting\AltStressTesting.csproj", "{51269B56-6A96-4AD4-B83B-2121C22D1EBA}"
EndProject
Global
	GlobalSection(SolutionConfigurationPlatforms) = preSolution
		Debug|Any CPU = Debug|Any CPU
		Release|Any CPU = Release|Any CPU
	EndGlobalSection
	GlobalSection(ProjectConfigurationPlatforms) = postSolution
		{C5FC5359-76FE-4B6A-9552-104D32F8DF5A}.Debug|Any CPU.ActiveCfg = Debug|Any CPU
		{C5FC5359-76FE-4B6A-9552-104D32F8DF5A}.Debug|Any CPU.Build.0 = Debug|Any CPU
		{C5FC5359-76FE-4B6A-9552-104D32F8DF5A}.Release|Any CPU.ActiveCfg = Release|Any CPU
		{C5FC5359-76FE-4B6A-9552-104D32F8DF5A}.Release|Any CPU.Build.0 = Release|Any CPU
		{51269B56-6A96-4AD4-B83B-2121C22D1EBA}.Debug|Any CPU.ActiveCfg = Debug|Any CPU
		{51269B56-6A96-4AD4-B83B-2121C22D1EBA}.Debug|Any CPU.Build.0 = Debug|Any CPU
		{51269B56-6A96-4AD4-B83B-2121C22D1EBA}.Release|Any CPU.ActiveCfg = Release|Any CPU
		{51269B56-6A96-4AD4-B83B-2121C22D1EBA}.Release|Any CPU.Build.0 = Release|Any CPU
	EndGlobalSection
	GlobalSection(SolutionProperties) = preSolution
		HideSolutionNode = FALSE
	EndGlobalSection
EndGlobal
