
Microsoft Visual Studio Solution File, Format Version 12.00
# Visual Studio Version 16
VisualStudioVersion = 16.0.29709.97
MinimumVisualStudioVersion = 10.0.40219.1
Project("{FAE04EC0-301F-11D3-BF4B-00C04F79EFBC}") = "AutoTextApp", "AutoTextApp\AutoTextApp.csproj", "{4275CF87-A80B-4214-8515-8D6241716F7D}"
EndProject
Global
	GlobalSection(SolutionConfigurationPlatforms) = preSolution
		Debug|Any CPU = Debug|Any CPU
		Release|Any CPU = Release|Any CPU
	EndGlobalSection
	GlobalSection(ProjectConfigurationPlatforms) = postSolution
		{4275CF87-A80B-4214-8515-8D6241716F7D}.Debug|Any CPU.ActiveCfg = Debug|Any CPU
		{4275CF87-A80B-4214-8515-8D6241716F7D}.Debug|Any CPU.Build.0 = Debug|Any CPU
		{4275CF87-A80B-4214-8515-8D6241716F7D}.Release|Any CPU.ActiveCfg = Release|Any CPU
		{4275CF87-A80B-4214-8515-8D6241716F7D}.Release|Any CPU.Build.0 = Release|Any CPU
	EndGlobalSection
	GlobalSection(SolutionProperties) = preSolution
		HideSolutionNode = FALSE
	EndGlobalSection
	GlobalSection(ExtensibilityGlobals) = postSolution
		SolutionGuid = {B382BB32-74E8-446F-AEB6-D1651B11083A}
	EndGlobalSection
EndGlobal
