
Microsoft Visual Studio Solution File, Format Version 12.00
# Visual Studio 14
VisualStudioVersion = 14.0.25420.1
MinimumVisualStudioVersion = 10.0.40219.1
Project("{FAE04EC0-301F-11D3-BF4B-00C04F79EFBC}") = "NHibernate-test", "NHibernate-test\NHibernate-test.csproj", "{9FBB8FA2-FDD5-4553-8CB6-8F77829FF7E8}"
EndProject
Project("{00D1A9C2-B5F0-4AF3-8072-F6C62B433612}") = "SampleDB", "SampleDB\SampleDB.sqlproj", "{99609523-6E26-4505-A156-B3EB6625DEBE}"
EndProject
Global
	GlobalSection(SolutionConfigurationPlatforms) = preSolution
		Debug|Any CPU = Debug|Any CPU
		Release|Any CPU = Release|Any CPU
	EndGlobalSection
	GlobalSection(ProjectConfigurationPlatforms) = postSolution
		{9FBB8FA2-FDD5-4553-8CB6-8F77829FF7E8}.Debug|Any CPU.ActiveCfg = Debug|Any CPU
		{9FBB8FA2-FDD5-4553-8CB6-8F77829FF7E8}.Debug|Any CPU.Build.0 = Debug|Any CPU
		{9FBB8FA2-FDD5-4553-8CB6-8F77829FF7E8}.Release|Any CPU.ActiveCfg = Release|Any CPU
		{9FBB8FA2-FDD5-4553-8CB6-8F77829FF7E8}.Release|Any CPU.Build.0 = Release|Any CPU
		{99609523-6E26-4505-A156-B3EB6625DEBE}.Debug|Any CPU.ActiveCfg = Debug|Any CPU
		{99609523-6E26-4505-A156-B3EB6625DEBE}.Debug|Any CPU.Build.0 = Debug|Any CPU
		{99609523-6E26-4505-A156-B3EB6625DEBE}.Debug|Any CPU.Deploy.0 = Debug|Any CPU
		{99609523-6E26-4505-A156-B3EB6625DEBE}.Release|Any CPU.ActiveCfg = Release|Any CPU
		{99609523-6E26-4505-A156-B3EB6625DEBE}.Release|Any CPU.Build.0 = Release|Any CPU
		{99609523-6E26-4505-A156-B3EB6625DEBE}.Release|Any CPU.Deploy.0 = Release|Any CPU
	EndGlobalSection
	GlobalSection(SolutionProperties) = preSolution
		HideSolutionNode = FALSE
	EndGlobalSection
EndGlobal
